
Microsoft Visual Studio Solution File, Format Version 12.00
# Visual Studio Version 17
VisualStudioVersion = 17.0.31903.59
MinimumVisualStudioVersion = 10.0.40219.1
Project("{2150E333-8FDC-42A3-9474-1A3956D46DE8}") = "Main", "Main", "{3A2DEB4E-B8D1-4968-8D5A-BBBF1F3F34D0}"
EndProject
Project("{FAE04EC0-301F-11D3-BF4B-00C04F79EFBC}") = "Domain", "Main\Domain\Domain.csproj", "{F0BB87F3-F8CB-4182-A17F-01972ED01059}"
EndProject
Project("{FAE04EC0-301F-11D3-BF4B-00C04F79EFBC}") = "Repository", "Main\Repository\Repository.csproj", "{422C9229-E1C6-4E9A-BF14-8CBAB696AF5A}"
EndProject
Project("{FAE04EC0-301F-11D3-BF4B-00C04F79EFBC}") = "Service", "Main\Service\Service.csproj", "{9602BA37-C7B3-4581-BE64-69548FD52156}"
EndProject
Project("{FAE04EC0-301F-11D3-BF4B-00C04F79EFBC}") = "Api", "Main\Api\Api.csproj", "{D2258497-234E-4C5F-AB4C-8B5AF6197B58}"
EndProject
Project("{FAE04EC0-301F-11D3-BF4B-00C04F79EFBC}") = "Utils", "Main\Utils\Utils.csproj", "{8AD4E22D-B87F-4CF8-AF63-6300418F55CD}"
EndProject
Project("{2150E333-8FDC-42A3-9474-1A3956D46DE8}") = "Tests", "Tests", "{8C7225BE-1249-483E-B836-05C21AA1BBA5}"
EndProject
Project("{FAE04EC0-301F-11D3-BF4B-00C04F79EFBC}") = "ApiTests", "Tests\ApiTests\ApiTests.csproj", "{C3AB9228-F7CC-4940-839B-0D572056486B}"
EndProject
Project("{FAE04EC0-301F-11D3-BF4B-00C04F79EFBC}") = "DomainTests", "Tests\DomainTests\DomainTests.csproj", "{51F7EA6A-B79F-4DB0-8EC0-3352B4827194}"
EndProject
Project("{FAE04EC0-301F-11D3-BF4B-00C04F79EFBC}") = "RepositoryTests", "Tests\RepositoryTests\RepositoryTests.csproj", "{8F493249-E6E8-4FE8-85C3-84B930FFA89A}"
EndProject
Project("{FAE04EC0-301F-11D3-BF4B-00C04F79EFBC}") = "ServiceTests", "Tests\ServiceTests\ServiceTests.csproj", "{4841EA17-8608-42BB-BB69-506D2261FE1C}"
EndProject
Project("{FAE04EC0-301F-11D3-BF4B-00C04F79EFBC}") = "UtilsTests", "Tests\UtilsTests\UtilsTests.csproj", "{9BBB8B61-C692-4BE9-953E-553C8754D6DC}"
EndProject
Global
	GlobalSection(SolutionConfigurationPlatforms) = preSolution
		Debug|Any CPU = Debug|Any CPU
		Release|Any CPU = Release|Any CPU
	EndGlobalSection
	GlobalSection(SolutionProperties) = preSolution
		HideSolutionNode = FALSE
	EndGlobalSection
	GlobalSection(ProjectConfigurationPlatforms) = postSolution
		{F0BB87F3-F8CB-4182-A17F-01972ED01059}.Debug|Any CPU.ActiveCfg = Debug|Any CPU
		{F0BB87F3-F8CB-4182-A17F-01972ED01059}.Debug|Any CPU.Build.0 = Debug|Any CPU
		{F0BB87F3-F8CB-4182-A17F-01972ED01059}.Release|Any CPU.ActiveCfg = Release|Any CPU
		{F0BB87F3-F8CB-4182-A17F-01972ED01059}.Release|Any CPU.Build.0 = Release|Any CPU
		{422C9229-E1C6-4E9A-BF14-8CBAB696AF5A}.Debug|Any CPU.ActiveCfg = Debug|Any CPU
		{422C9229-E1C6-4E9A-BF14-8CBAB696AF5A}.Debug|Any CPU.Build.0 = Debug|Any CPU
		{422C9229-E1C6-4E9A-BF14-8CBAB696AF5A}.Release|Any CPU.ActiveCfg = Release|Any CPU
		{422C9229-E1C6-4E9A-BF14-8CBAB696AF5A}.Release|Any CPU.Build.0 = Release|Any CPU
		{9602BA37-C7B3-4581-BE64-69548FD52156}.Debug|Any CPU.ActiveCfg = Debug|Any CPU
		{9602BA37-C7B3-4581-BE64-69548FD52156}.Debug|Any CPU.Build.0 = Debug|Any CPU
		{9602BA37-C7B3-4581-BE64-69548FD52156}.Release|Any CPU.ActiveCfg = Release|Any CPU
		{9602BA37-C7B3-4581-BE64-69548FD52156}.Release|Any CPU.Build.0 = Release|Any CPU
		{D2258497-234E-4C5F-AB4C-8B5AF6197B58}.Debug|Any CPU.ActiveCfg = Debug|Any CPU
		{D2258497-234E-4C5F-AB4C-8B5AF6197B58}.Debug|Any CPU.Build.0 = Debug|Any CPU
		{D2258497-234E-4C5F-AB4C-8B5AF6197B58}.Release|Any CPU.ActiveCfg = Release|Any CPU
		{D2258497-234E-4C5F-AB4C-8B5AF6197B58}.Release|Any CPU.Build.0 = Release|Any CPU
		{8AD4E22D-B87F-4CF8-AF63-6300418F55CD}.Debug|Any CPU.ActiveCfg = Debug|Any CPU
		{8AD4E22D-B87F-4CF8-AF63-6300418F55CD}.Debug|Any CPU.Build.0 = Debug|Any CPU
		{8AD4E22D-B87F-4CF8-AF63-6300418F55CD}.Release|Any CPU.ActiveCfg = Release|Any CPU
		{8AD4E22D-B87F-4CF8-AF63-6300418F55CD}.Release|Any CPU.Build.0 = Release|Any CPU
		{C3AB9228-F7CC-4940-839B-0D572056486B}.Debug|Any CPU.ActiveCfg = Debug|Any CPU
		{C3AB9228-F7CC-4940-839B-0D572056486B}.Debug|Any CPU.Build.0 = Debug|Any CPU
		{C3AB9228-F7CC-4940-839B-0D572056486B}.Release|Any CPU.ActiveCfg = Release|Any CPU
		{C3AB9228-F7CC-4940-839B-0D572056486B}.Release|Any CPU.Build.0 = Release|Any CPU
		{51F7EA6A-B79F-4DB0-8EC0-3352B4827194}.Debug|Any CPU.ActiveCfg = Debug|Any CPU
		{51F7EA6A-B79F-4DB0-8EC0-3352B4827194}.Debug|Any CPU.Build.0 = Debug|Any CPU
		{51F7EA6A-B79F-4DB0-8EC0-3352B4827194}.Release|Any CPU.ActiveCfg = Release|Any CPU
		{51F7EA6A-B79F-4DB0-8EC0-3352B4827194}.Release|Any CPU.Build.0 = Release|Any CPU
		{8F493249-E6E8-4FE8-85C3-84B930FFA89A}.Debug|Any CPU.ActiveCfg = Debug|Any CPU
		{8F493249-E6E8-4FE8-85C3-84B930FFA89A}.Debug|Any CPU.Build.0 = Debug|Any CPU
		{8F493249-E6E8-4FE8-85C3-84B930FFA89A}.Release|Any CPU.ActiveCfg = Release|Any CPU
		{8F493249-E6E8-4FE8-85C3-84B930FFA89A}.Release|Any CPU.Build.0 = Release|Any CPU
		{4841EA17-8608-42BB-BB69-506D2261FE1C}.Debug|Any CPU.ActiveCfg = Debug|Any CPU
		{4841EA17-8608-42BB-BB69-506D2261FE1C}.Debug|Any CPU.Build.0 = Debug|Any CPU
		{4841EA17-8608-42BB-BB69-506D2261FE1C}.Release|Any CPU.ActiveCfg = Release|Any CPU
		{4841EA17-8608-42BB-BB69-506D2261FE1C}.Release|Any CPU.Build.0 = Release|Any CPU
		{9BBB8B61-C692-4BE9-953E-553C8754D6DC}.Debug|Any CPU.ActiveCfg = Debug|Any CPU
		{9BBB8B61-C692-4BE9-953E-553C8754D6DC}.Debug|Any CPU.Build.0 = Debug|Any CPU
		{9BBB8B61-C692-4BE9-953E-553C8754D6DC}.Release|Any CPU.ActiveCfg = Release|Any CPU
		{9BBB8B61-C692-4BE9-953E-553C8754D6DC}.Release|Any CPU.Build.0 = Release|Any CPU
	EndGlobalSection
	GlobalSection(NestedProjects) = preSolution
		{F0BB87F3-F8CB-4182-A17F-01972ED01059} = {3A2DEB4E-B8D1-4968-8D5A-BBBF1F3F34D0}
		{422C9229-E1C6-4E9A-BF14-8CBAB696AF5A} = {3A2DEB4E-B8D1-4968-8D5A-BBBF1F3F34D0}
		{9602BA37-C7B3-4581-BE64-69548FD52156} = {3A2DEB4E-B8D1-4968-8D5A-BBBF1F3F34D0}
		{D2258497-234E-4C5F-AB4C-8B5AF6197B58} = {3A2DEB4E-B8D1-4968-8D5A-BBBF1F3F34D0}
		{8AD4E22D-B87F-4CF8-AF63-6300418F55CD} = {3A2DEB4E-B8D1-4968-8D5A-BBBF1F3F34D0}
		{C3AB9228-F7CC-4940-839B-0D572056486B} = {8C7225BE-1249-483E-B836-05C21AA1BBA5}
		{51F7EA6A-B79F-4DB0-8EC0-3352B4827194} = {8C7225BE-1249-483E-B836-05C21AA1BBA5}
		{8F493249-E6E8-4FE8-85C3-84B930FFA89A} = {8C7225BE-1249-483E-B836-05C21AA1BBA5}
		{4841EA17-8608-42BB-BB69-506D2261FE1C} = {8C7225BE-1249-483E-B836-05C21AA1BBA5}
		{9BBB8B61-C692-4BE9-953E-553C8754D6DC} = {8C7225BE-1249-483E-B836-05C21AA1BBA5}
	EndGlobalSection
EndGlobal
